
Microsoft Visual Studio Solution File, Format Version 12.00
# Visual Studio Version 16
VisualStudioVersion = 16.0.32413.511
MinimumVisualStudioVersion = 10.0.40219.1
Project("{FAE04EC0-301F-11D3-BF4B-00C04F79EFBC}") = "homework", "homework\homework.csproj", "{888781AD-C78B-4746-B48F-4AF58B4B158B}"
EndProject
Global
	GlobalSection(SolutionConfigurationPlatforms) = preSolution
		Debug|Any CPU = Debug|Any CPU
		Release|Any CPU = Release|Any CPU
	EndGlobalSection
	GlobalSection(ProjectConfigurationPlatforms) = postSolution
		{888781AD-C78B-4746-B48F-4AF58B4B158B}.Debug|Any CPU.ActiveCfg = Debug|Any CPU
		{888781AD-C78B-4746-B48F-4AF58B4B158B}.Debug|Any CPU.Build.0 = Debug|Any CPU
		{888781AD-C78B-4746-B48F-4AF58B4B158B}.Release|Any CPU.ActiveCfg = Release|Any CPU
		{888781AD-C78B-4746-B48F-4AF58B4B158B}.Release|Any CPU.Build.0 = Release|Any CPU
	EndGlobalSection
	GlobalSection(SolutionProperties) = preSolution
		HideSolutionNode = FALSE
	EndGlobalSection
	GlobalSection(ExtensibilityGlobals) = postSolution
		SolutionGuid = {0818666B-100C-4701-9F32-5BC4566B95ED}
	EndGlobalSection
EndGlobal
